
Microsoft Visual Studio Solution File, Format Version 12.00
# Visual Studio 15
VisualStudioVersion = 15.0.28307.106
MinimumVisualStudioVersion = 10.0.40219.1
Project("{FAE04EC0-301F-11D3-BF4B-00C04F79EFBC}") = "Cardview_XF.Android", "Cardview_XF\Cardview_XF.Android\Cardview_XF.Android.csproj", "{36830C16-E7EE-4071-B0E6-1F87A3C425CC}"
EndProject
Project("{FAE04EC0-301F-11D3-BF4B-00C04F79EFBC}") = "Cardview_XF.iOS", "Cardview_XF\Cardview_XF.iOS\Cardview_XF.iOS.csproj", "{5393115E-F655-4237-B3F6-C3B365A9020B}"
EndProject
Project("{FAE04EC0-301F-11D3-BF4B-00C04F79EFBC}") = "Cardview_XF", "Cardview_XF\Cardview_XF\Cardview_XF.csproj", "{230FE259-6C77-417C-B3F5-52B67F3CBF21}"
EndProject
Global
	GlobalSection(SolutionConfigurationPlatforms) = preSolution
		Ad-Hoc|Any CPU = Ad-Hoc|Any CPU
		Ad-Hoc|iPhone = Ad-Hoc|iPhone
		Ad-Hoc|iPhoneSimulator = Ad-Hoc|iPhoneSimulator
		AppStore|Any CPU = AppStore|Any CPU
		AppStore|iPhone = AppStore|iPhone
		AppStore|iPhoneSimulator = AppStore|iPhoneSimulator
		Debug|Any CPU = Debug|Any CPU
		Debug|iPhone = Debug|iPhone
		Debug|iPhoneSimulator = Debug|iPhoneSimulator
		Release|Any CPU = Release|Any CPU
		Release|iPhone = Release|iPhone
		Release|iPhoneSimulator = Release|iPhoneSimulator
	EndGlobalSection
	GlobalSection(ProjectConfigurationPlatforms) = postSolution
		{36830C16-E7EE-4071-B0E6-1F87A3C425CC}.Ad-Hoc|Any CPU.ActiveCfg = Release|Any CPU
		{36830C16-E7EE-4071-B0E6-1F87A3C425CC}.Ad-Hoc|Any CPU.Build.0 = Release|Any CPU
		{36830C16-E7EE-4071-B0E6-1F87A3C425CC}.Ad-Hoc|Any CPU.Deploy.0 = Release|Any CPU
		{36830C16-E7EE-4071-B0E6-1F87A3C425CC}.Ad-Hoc|iPhone.ActiveCfg = Release|Any CPU
		{36830C16-E7EE-4071-B0E6-1F87A3C425CC}.Ad-Hoc|iPhone.Build.0 = Release|Any CPU
		{36830C16-E7EE-4071-B0E6-1F87A3C425CC}.Ad-Hoc|iPhone.Deploy.0 = Release|Any CPU
		{36830C16-E7EE-4071-B0E6-1F87A3C425CC}.Ad-Hoc|iPhoneSimulator.ActiveCfg = Release|Any CPU
		{36830C16-E7EE-4071-B0E6-1F87A3C425CC}.Ad-Hoc|iPhoneSimulator.Build.0 = Release|Any CPU
		{36830C16-E7EE-4071-B0E6-1F87A3C425CC}.Ad-Hoc|iPhoneSimulator.Deploy.0 = Release|Any CPU
		{36830C16-E7EE-4071-B0E6-1F87A3C425CC}.AppStore|Any CPU.ActiveCfg = Release|Any CPU
		{36830C16-E7EE-4071-B0E6-1F87A3C425CC}.AppStore|Any CPU.Build.0 = Release|Any CPU
		{36830C16-E7EE-4071-B0E6-1F87A3C425CC}.AppStore|Any CPU.Deploy.0 = Release|Any CPU
		{36830C16-E7EE-4071-B0E6-1F87A3C425CC}.AppStore|iPhone.ActiveCfg = Release|Any CPU
		{36830C16-E7EE-4071-B0E6-1F87A3C425CC}.AppStore|iPhone.Build.0 = Release|Any CPU
		{36830C16-E7EE-4071-B0E6-1F87A3C425CC}.AppStore|iPhone.Deploy.0 = Release|Any CPU
		{36830C16-E7EE-4071-B0E6-1F87A3C425CC}.AppStore|iPhoneSimulator.ActiveCfg = Release|Any CPU
		{36830C16-E7EE-4071-B0E6-1F87A3C425CC}.AppStore|iPhoneSimulator.Build.0 = Release|Any CPU
		{36830C16-E7EE-4071-B0E6-1F87A3C425CC}.AppStore|iPhoneSimulator.Deploy.0 = Release|Any CPU
		{36830C16-E7EE-4071-B0E6-1F87A3C425CC}.Debug|Any CPU.ActiveCfg = Debug|Any CPU
		{36830C16-E7EE-4071-B0E6-1F87A3C425CC}.Debug|Any CPU.Build.0 = Debug|Any CPU
		{36830C16-E7EE-4071-B0E6-1F87A3C425CC}.Debug|Any CPU.Deploy.0 = Debug|Any CPU
		{36830C16-E7EE-4071-B0E6-1F87A3C425CC}.Debug|iPhone.ActiveCfg = Debug|Any CPU
		{36830C16-E7EE-4071-B0E6-1F87A3C425CC}.Debug|iPhone.Build.0 = Debug|Any CPU
		{36830C16-E7EE-4071-B0E6-1F87A3C425CC}.Debug|iPhone.Deploy.0 = Debug|Any CPU
		{36830C16-E7EE-4071-B0E6-1F87A3C425CC}.Debug|iPhoneSimulator.ActiveCfg = Debug|Any CPU
		{36830C16-E7EE-4071-B0E6-1F87A3C425CC}.Debug|iPhoneSimulator.Build.0 = Debug|Any CPU
		{36830C16-E7EE-4071-B0E6-1F87A3C425CC}.Debug|iPhoneSimulator.Deploy.0 = Debug|Any CPU
		{36830C16-E7EE-4071-B0E6-1F87A3C425CC}.Release|Any CPU.ActiveCfg = Release|Any CPU
		{36830C16-E7EE-4071-B0E6-1F87A3C425CC}.Release|Any CPU.Build.0 = Release|Any CPU
		{36830C16-E7EE-4071-B0E6-1F87A3C425CC}.Release|Any CPU.Deploy.0 = Release|Any CPU
		{36830C16-E7EE-4071-B0E6-1F87A3C425CC}.Release|iPhone.ActiveCfg = Release|Any CPU
		{36830C16-E7EE-4071-B0E6-1F87A3C425CC}.Release|iPhone.Build.0 = Release|Any CPU
		{36830C16-E7EE-4071-B0E6-1F87A3C425CC}.Release|iPhone.Deploy.0 = Release|Any CPU
		{36830C16-E7EE-4071-B0E6-1F87A3C425CC}.Release|iPhoneSimulator.ActiveCfg = Release|Any CPU
		{36830C16-E7EE-4071-B0E6-1F87A3C425CC}.Release|iPhoneSimulator.Build.0 = Release|Any CPU
		{36830C16-E7EE-4071-B0E6-1F87A3C425CC}.Release|iPhoneSimulator.Deploy.0 = Release|Any CPU
		{5393115E-F655-4237-B3F6-C3B365A9020B}.Ad-Hoc|Any CPU.ActiveCfg = Ad-Hoc|iPhone
		{5393115E-F655-4237-B3F6-C3B365A9020B}.Ad-Hoc|Any CPU.Build.0 = Ad-Hoc|iPhone
		{5393115E-F655-4237-B3F6-C3B365A9020B}.Ad-Hoc|Any CPU.Deploy.0 = Ad-Hoc|iPhone
		{5393115E-F655-4237-B3F6-C3B365A9020B}.Ad-Hoc|iPhone.ActiveCfg = Ad-Hoc|iPhone
		{5393115E-F655-4237-B3F6-C3B365A9020B}.Ad-Hoc|iPhone.Build.0 = Ad-Hoc|iPhone
		{5393115E-F655-4237-B3F6-C3B365A9020B}.Ad-Hoc|iPhone.Deploy.0 = Ad-Hoc|iPhone
		{5393115E-F655-4237-B3F6-C3B365A9020B}.Ad-Hoc|iPhoneSimulator.ActiveCfg = Ad-Hoc|iPhoneSimulator
		{5393115E-F655-4237-B3F6-C3B365A9020B}.Ad-Hoc|iPhoneSimulator.Build.0 = Ad-Hoc|iPhoneSimulator
		{5393115E-F655-4237-B3F6-C3B365A9020B}.Ad-Hoc|iPhoneSimulator.Deploy.0 = Ad-Hoc|iPhoneSimulator
		{5393115E-F655-4237-B3F6-C3B365A9020B}.AppStore|Any CPU.ActiveCfg = AppStore|iPhone
		{5393115E-F655-4237-B3F6-C3B365A9020B}.AppStore|Any CPU.Build.0 = AppStore|iPhone
		{5393115E-F655-4237-B3F6-C3B365A9020B}.AppStore|Any CPU.Deploy.0 = AppStore|iPhone
		{5393115E-F655-4237-B3F6-C3B365A9020B}.AppStore|iPhone.ActiveCfg = AppStore|iPhone
		{5393115E-F655-4237-B3F6-C3B365A9020B}.AppStore|iPhone.Build.0 = AppStore|iPhone
		{5393115E-F655-4237-B3F6-C3B365A9020B}.AppStore|iPhone.Deploy.0 = AppStore|iPhone
		{5393115E-F655-4237-B3F6-C3B365A9020B}.AppStore|iPhoneSimulator.ActiveCfg = AppStore|iPhoneSimulator
		{5393115E-F655-4237-B3F6-C3B365A9020B}.AppStore|iPhoneSimulator.Build.0 = AppStore|iPhoneSimulator
		{5393115E-F655-4237-B3F6-C3B365A9020B}.AppStore|iPhoneSimulator.Deploy.0 = AppStore|iPhoneSimulator
		{5393115E-F655-4237-B3F6-C3B365A9020B}.Debug|Any CPU.ActiveCfg = Debug|iPhoneSimulator
		{5393115E-F655-4237-B3F6-C3B365A9020B}.Debug|Any CPU.Build.0 = Debug|iPhoneSimulator
		{5393115E-F655-4237-B3F6-C3B365A9020B}.Debug|Any CPU.Deploy.0 = Debug|iPhoneSimulator
		{5393115E-F655-4237-B3F6-C3B365A9020B}.Debug|iPhone.ActiveCfg = Debug|iPhone
		{5393115E-F655-4237-B3F6-C3B365A9020B}.Debug|iPhone.Build.0 = Debug|iPhone
		{5393115E-F655-4237-B3F6-C3B365A9020B}.Debug|iPhone.Deploy.0 = Debug|iPhone
		{5393115E-F655-4237-B3F6-C3B365A9020B}.Debug|iPhoneSimulator.ActiveCfg = Debug|iPhoneSimulator
		{5393115E-F655-4237-B3F6-C3B365A9020B}.Debug|iPhoneSimulator.Build.0 = Debug|iPhoneSimulator
		{5393115E-F655-4237-B3F6-C3B365A9020B}.Debug|iPhoneSimulator.Deploy.0 = Debug|iPhoneSimulator
		{5393115E-F655-4237-B3F6-C3B365A9020B}.Release|Any CPU.ActiveCfg = Release|iPhone
		{5393115E-F655-4237-B3F6-C3B365A9020B}.Release|Any CPU.Build.0 = Release|iPhone
		{5393115E-F655-4237-B3F6-C3B365A9020B}.Release|Any CPU.Deploy.0 = Release|iPhone
		{5393115E-F655-4237-B3F6-C3B365A9020B}.Release|iPhone.ActiveCfg = Release|iPhone
		{5393115E-F655-4237-B3F6-C3B365A9020B}.Release|iPhone.Build.0 = Release|iPhone
		{5393115E-F655-4237-B3F6-C3B365A9020B}.Release|iPhone.Deploy.0 = Release|iPhone
		{5393115E-F655-4237-B3F6-C3B365A9020B}.Release|iPhoneSimulator.ActiveCfg = Release|iPhoneSimulator
		{5393115E-F655-4237-B3F6-C3B365A9020B}.Release|iPhoneSimulator.Build.0 = Release|iPhoneSimulator
		{5393115E-F655-4237-B3F6-C3B365A9020B}.Release|iPhoneSimulator.Deploy.0 = Release|iPhoneSimulator
		{230FE259-6C77-417C-B3F5-52B67F3CBF21}.Ad-Hoc|Any CPU.ActiveCfg = Debug|Any CPU
		{230FE259-6C77-417C-B3F5-52B67F3CBF21}.Ad-Hoc|Any CPU.Build.0 = Debug|Any CPU
		{230FE259-6C77-417C-B3F5-52B67F3CBF21}.Ad-Hoc|Any CPU.Deploy.0 = Debug|Any CPU
		{230FE259-6C77-417C-B3F5-52B67F3CBF21}.Ad-Hoc|iPhone.ActiveCfg = Debug|Any CPU
		{230FE259-6C77-417C-B3F5-52B67F3CBF21}.Ad-Hoc|iPhone.Build.0 = Debug|Any CPU
		{230FE259-6C77-417C-B3F5-52B67F3CBF21}.Ad-Hoc|iPhone.Deploy.0 = Debug|Any CPU
		{230FE259-6C77-417C-B3F5-52B67F3CBF21}.Ad-Hoc|iPhoneSimulator.ActiveCfg = Debug|Any CPU
		{230FE259-6C77-417C-B3F5-52B67F3CBF21}.Ad-Hoc|iPhoneSimulator.Build.0 = Debug|Any CPU
		{230FE259-6C77-417C-B3F5-52B67F3CBF21}.Ad-Hoc|iPhoneSimulator.Deploy.0 = Debug|Any CPU
		{230FE259-6C77-417C-B3F5-52B67F3CBF21}.AppStore|Any CPU.ActiveCfg = Debug|Any CPU
		{230FE259-6C77-417C-B3F5-52B67F3CBF21}.AppStore|Any CPU.Build.0 = Debug|Any CPU
		{230FE259-6C77-417C-B3F5-52B67F3CBF21}.AppStore|Any CPU.Deploy.0 = Debug|Any CPU
		{230FE259-6C77-417C-B3F5-52B67F3CBF21}.AppStore|iPhone.ActiveCfg = Debug|Any CPU
		{230FE259-6C77-417C-B3F5-52B67F3CBF21}.AppStore|iPhone.Build.0 = Debug|Any CPU
		{230FE259-6C77-417C-B3F5-52B67F3CBF21}.AppStore|iPhone.Deploy.0 = Debug|Any CPU
		{230FE259-6C77-417C-B3F5-52B67F3CBF21}.AppStore|iPhoneSimulator.ActiveCfg = Debug|Any CPU
		{230FE259-6C77-417C-B3F5-52B67F3CBF21}.AppStore|iPhoneSimulator.Build.0 = Debug|Any CPU
		{230FE259-6C77-417C-B3F5-52B67F3CBF21}.AppStore|iPhoneSimulator.Deploy.0 = Debug|Any CPU
		{230FE259-6C77-417C-B3F5-52B67F3CBF21}.Debug|Any CPU.ActiveCfg = Debug|Any CPU
		{230FE259-6C77-417C-B3F5-52B67F3CBF21}.Debug|Any CPU.Build.0 = Debug|Any CPU
		{230FE259-6C77-417C-B3F5-52B67F3CBF21}.Debug|Any CPU.Deploy.0 = Debug|Any CPU
		{230FE259-6C77-417C-B3F5-52B67F3CBF21}.Debug|iPhone.ActiveCfg = Debug|Any CPU
		{230FE259-6C77-417C-B3F5-52B67F3CBF21}.Debug|iPhone.Build.0 = Debug|Any CPU
		{230FE259-6C77-417C-B3F5-52B67F3CBF21}.Debug|iPhone.Deploy.0 = Debug|Any CPU
		{230FE259-6C77-417C-B3F5-52B67F3CBF21}.Debug|iPhoneSimulator.ActiveCfg = Debug|Any CPU
		{230FE259-6C77-417C-B3F5-52B67F3CBF21}.Debug|iPhoneSimulator.Build.0 = Debug|Any CPU
		{230FE259-6C77-417C-B3F5-52B67F3CBF21}.Debug|iPhoneSimulator.Deploy.0 = Debug|Any CPU
		{230FE259-6C77-417C-B3F5-52B67F3CBF21}.Release|Any CPU.ActiveCfg = Release|Any CPU
		{230FE259-6C77-417C-B3F5-52B67F3CBF21}.Release|Any CPU.Build.0 = Release|Any CPU
		{230FE259-6C77-417C-B3F5-52B67F3CBF21}.Release|Any CPU.Deploy.0 = Release|Any CPU
		{230FE259-6C77-417C-B3F5-52B67F3CBF21}.Release|iPhone.ActiveCfg = Release|Any CPU
		{230FE259-6C77-417C-B3F5-52B67F3CBF21}.Release|iPhone.Build.0 = Release|Any CPU
		{230FE259-6C77-417C-B3F5-52B67F3CBF21}.Release|iPhone.Deploy.0 = Release|Any CPU
		{230FE259-6C77-417C-B3F5-52B67F3CBF21}.Release|iPhoneSimulator.ActiveCfg = Release|Any CPU
		{230FE259-6C77-417C-B3F5-52B67F3CBF21}.Release|iPhoneSimulator.Build.0 = Release|Any CPU
		{230FE259-6C77-417C-B3F5-52B67F3CBF21}.Release|iPhoneSimulator.Deploy.0 = Release|Any CPU
	EndGlobalSection
	GlobalSection(SolutionProperties) = preSolution
		HideSolutionNode = FALSE
	EndGlobalSection
	GlobalSection(ExtensibilityGlobals) = postSolution
		SolutionGuid = {41B5B841-7165-4188-8F94-30D705B1AA6B}
	EndGlobalSection
EndGlobal
